
Microsoft Visual Studio Solution File, Format Version 12.00
# Visual Studio 15
Project("{FAE04EC0-301F-11D3-BF4B-00C04F79EFBC}") = "Assembly-CSharp", "Assembly-CSharp.csproj", "{9100309B-4E72-F57E-2140-7D8EF149E637}"
EndProject
Project("{FAE04EC0-301F-11D3-BF4B-00C04F79EFBC}") = "Assembly-CSharp-firstpass", "Assembly-CSharp-firstpass.csproj", "{3410D4C9-9223-6724-8E6E-F55B6882C4CB}"
EndProject
Project("{FAE04EC0-301F-11D3-BF4B-00C04F79EFBC}") = "Assembly-CSharp-Editor", "Assembly-CSharp-Editor.csproj", "{1808AC08-AA6C-1522-940E-BF9CFEC9DE45}"
EndProject
Global
	GlobalSection(SolutionConfigurationPlatforms) = preSolution
		Debug|Any CPU = Debug|Any CPU
		Release|Any CPU = Release|Any CPU
	EndGlobalSection
	GlobalSection(ProjectConfigurationPlatforms) = postSolution
		{9100309B-4E72-F57E-2140-7D8EF149E637}.Debug|Any CPU.ActiveCfg = Debug|Any CPU
		{9100309B-4E72-F57E-2140-7D8EF149E637}.Debug|Any CPU.Build.0 = Debug|Any CPU
		{9100309B-4E72-F57E-2140-7D8EF149E637}.Release|Any CPU.ActiveCfg = Release|Any CPU
		{9100309B-4E72-F57E-2140-7D8EF149E637}.Release|Any CPU.Build.0 = Release|Any CPU
		{3410D4C9-9223-6724-8E6E-F55B6882C4CB}.Debug|Any CPU.ActiveCfg = Debug|Any CPU
		{3410D4C9-9223-6724-8E6E-F55B6882C4CB}.Debug|Any CPU.Build.0 = Debug|Any CPU
		{3410D4C9-9223-6724-8E6E-F55B6882C4CB}.Release|Any CPU.ActiveCfg = Release|Any CPU
		{3410D4C9-9223-6724-8E6E-F55B6882C4CB}.Release|Any CPU.Build.0 = Release|Any CPU
		{1808AC08-AA6C-1522-940E-BF9CFEC9DE45}.Debug|Any CPU.ActiveCfg = Debug|Any CPU
		{1808AC08-AA6C-1522-940E-BF9CFEC9DE45}.Debug|Any CPU.Build.0 = Debug|Any CPU
		{1808AC08-AA6C-1522-940E-BF9CFEC9DE45}.Release|Any CPU.ActiveCfg = Release|Any CPU
		{1808AC08-AA6C-1522-940E-BF9CFEC9DE45}.Release|Any CPU.Build.0 = Release|Any CPU
	EndGlobalSection
	GlobalSection(SolutionProperties) = preSolution
		HideSolutionNode = FALSE
	EndGlobalSection
EndGlobal
